{
  "name": "newajs",
  "version": "1.0.0",
  "lockfileVersion": 1,
  "requires": true,
  "dependencies": {
    "@anastasiacymbalyuk/ajs": {
      "version": "1.0.0",
      "resolved": "https://npm.pkg.github.com/download/@anastasiacymbalyuk/ajs/1.0.0/673348f4dff837c647b3d852dda7c0ef62bd119d9271d0728b9fac3361db404e",
      "integrity": "sha512-340s9TFe/EeZEu1mRB18ZaCyn8gssKqwoD8C4cQYuQaGPNCpSktnlkLJFXXDvXgdSrYp855uavt9wjLB0E1RKQ==",
      "dev": true
    }
  }
}
